
Microsoft Visual Studio Solution File, Format Version 12.00
# Visual Studio 14
VisualStudioVersion = 14.0.25123.0
MinimumVisualStudioVersion = 10.0.40219.1
Project("{B1E792BE-AA5F-4E3C-8C82-674BF9C0715B}") = "TwinCAT 3 LightSample", "TwinCAT 3 LightSample.tsproj", "{0ED218F4-AC05-4C85-A09D-0916A430C96A}"
EndProject
Global
	GlobalSection(SolutionConfigurationPlatforms) = preSolution
		Debug|TwinCAT CE7 (ARMV7) = Debug|TwinCAT CE7 (ARMV7)
		Debug|TwinCAT RT (x64) = Debug|TwinCAT RT (x64)
		Debug|TwinCAT RT (x86) = Debug|TwinCAT RT (x86)
		Release|TwinCAT CE7 (ARMV7) = Release|TwinCAT CE7 (ARMV7)
		Release|TwinCAT RT (x64) = Release|TwinCAT RT (x64)
		Release|TwinCAT RT (x86) = Release|TwinCAT RT (x86)
	EndGlobalSection
	GlobalSection(ProjectConfigurationPlatforms) = postSolution
		{0ED218F4-AC05-4C85-A09D-0916A430C96A}.Debug|TwinCAT CE7 (ARMV7).ActiveCfg = Debug|TwinCAT CE7 (ARMV7)
		{0ED218F4-AC05-4C85-A09D-0916A430C96A}.Debug|TwinCAT RT (x64).ActiveCfg = Debug|TwinCAT RT (x64)
		{0ED218F4-AC05-4C85-A09D-0916A430C96A}.Debug|TwinCAT RT (x86).ActiveCfg = Debug|TwinCAT RT (x86)
		{0ED218F4-AC05-4C85-A09D-0916A430C96A}.Release|TwinCAT CE7 (ARMV7).ActiveCfg = Release|TwinCAT CE7 (ARMV7)
		{0ED218F4-AC05-4C85-A09D-0916A430C96A}.Release|TwinCAT RT (x64).ActiveCfg = Release|TwinCAT RT (x64)
		{0ED218F4-AC05-4C85-A09D-0916A430C96A}.Release|TwinCAT RT (x86).ActiveCfg = Release|TwinCAT RT (x86)
		{2D1248B4-42F7-4083-98B3-D088C5759B4B}.Debug|TwinCAT CE7 (ARMV7).ActiveCfg = Debug|TwinCAT CE7 (ARMV7)
		{2D1248B4-42F7-4083-98B3-D088C5759B4B}.Debug|TwinCAT CE7 (ARMV7).Build.0 = Debug|TwinCAT CE7 (ARMV7)
		{2D1248B4-42F7-4083-98B3-D088C5759B4B}.Debug|TwinCAT RT (x64).ActiveCfg = Debug|TwinCAT RT (x64)
		{2D1248B4-42F7-4083-98B3-D088C5759B4B}.Debug|TwinCAT RT (x64).Build.0 = Debug|TwinCAT RT (x64)
		{2D1248B4-42F7-4083-98B3-D088C5759B4B}.Debug|TwinCAT RT (x86).ActiveCfg = Debug|TwinCAT RT (x86)
		{2D1248B4-42F7-4083-98B3-D088C5759B4B}.Debug|TwinCAT RT (x86).Build.0 = Debug|TwinCAT RT (x86)
		{2D1248B4-42F7-4083-98B3-D088C5759B4B}.Release|TwinCAT CE7 (ARMV7).ActiveCfg = Release|TwinCAT CE7 (ARMV7)
		{2D1248B4-42F7-4083-98B3-D088C5759B4B}.Release|TwinCAT CE7 (ARMV7).Build.0 = Release|TwinCAT CE7 (ARMV7)
		{2D1248B4-42F7-4083-98B3-D088C5759B4B}.Release|TwinCAT RT (x64).ActiveCfg = Release|TwinCAT RT (x64)
		{2D1248B4-42F7-4083-98B3-D088C5759B4B}.Release|TwinCAT RT (x64).Build.0 = Release|TwinCAT RT (x64)
		{2D1248B4-42F7-4083-98B3-D088C5759B4B}.Release|TwinCAT RT (x86).ActiveCfg = Release|TwinCAT RT (x86)
		{2D1248B4-42F7-4083-98B3-D088C5759B4B}.Release|TwinCAT RT (x86).Build.0 = Release|TwinCAT RT (x86)
	EndGlobalSection
	GlobalSection(SolutionProperties) = preSolution
		HideSolutionNode = FALSE
	EndGlobalSection
EndGlobal
